
Microsoft Visual Studio Solution File, Format Version 12.00
# Visual Studio Version 16
VisualStudioVersion = 16.0.30309.148
MinimumVisualStudioVersion = 10.0.40219.1
Project("{9A19103F-16F7-4668-BE54-9A1E7A4F7556}") = "dealeron-trains", "dealeron-trains.csproj", "{4D1D474D-0CCB-4260-8AF4-4693E49211BE}"
EndProject
Project("{FAE04EC0-301F-11D3-BF4B-00C04F79EFBC}") = "dealeron-trains.tests", "..\dealeron-trains.tests\dealeron-trains.tests.csproj", "{DBF2384F-2DC8-4DA6-B9D0-0A12F4D8B09D}"
EndProject
Global
	GlobalSection(SolutionConfigurationPlatforms) = preSolution
		Debug|Any CPU = Debug|Any CPU
		Release|Any CPU = Release|Any CPU
	EndGlobalSection
	GlobalSection(ProjectConfigurationPlatforms) = postSolution
		{4D1D474D-0CCB-4260-8AF4-4693E49211BE}.Debug|Any CPU.ActiveCfg = Debug|Any CPU
		{4D1D474D-0CCB-4260-8AF4-4693E49211BE}.Debug|Any CPU.Build.0 = Debug|Any CPU
		{4D1D474D-0CCB-4260-8AF4-4693E49211BE}.Release|Any CPU.ActiveCfg = Release|Any CPU
		{4D1D474D-0CCB-4260-8AF4-4693E49211BE}.Release|Any CPU.Build.0 = Release|Any CPU
		{DBF2384F-2DC8-4DA6-B9D0-0A12F4D8B09D}.Debug|Any CPU.ActiveCfg = Debug|Any CPU
		{DBF2384F-2DC8-4DA6-B9D0-0A12F4D8B09D}.Debug|Any CPU.Build.0 = Debug|Any CPU
		{DBF2384F-2DC8-4DA6-B9D0-0A12F4D8B09D}.Release|Any CPU.ActiveCfg = Release|Any CPU
		{DBF2384F-2DC8-4DA6-B9D0-0A12F4D8B09D}.Release|Any CPU.Build.0 = Release|Any CPU
	EndGlobalSection
	GlobalSection(SolutionProperties) = preSolution
		HideSolutionNode = FALSE
	EndGlobalSection
	GlobalSection(ExtensibilityGlobals) = postSolution
		SolutionGuid = {F1179A3F-107B-44B2-B746-61F6458589C5}
	EndGlobalSection
EndGlobal
